{
  "version": 1,
  "dependencies": {
    "net10.0": {
      "Bom.Squad": {
        "type": "Direct",
        "requested": "[0.3.0, )",
        "resolved": "0.3.0",
        "contentHash": "XzhQ6cpYMDACcRosaHBO8P8SGAJ2GBC/9Hcb0WUUe9UTUCttr3PrIWf7r+bg6sDCu3/gPWPgh8lfHMTXAi/v3A=="
      },
      "DiffPlex": {
        "type": "Direct",
        "requested": "[1.9.0, )",
        "resolved": "1.9.0",
        "contentHash": "Z4IDEH6iOb6d+Y2QUjsbq1Fp5I/kwZzNdr/evBTbCGq+ShAjE4baLm7lX1tfjV2p34QI3V9kctCQziFuuKqeCA=="
      },
      "McMaster.Extensions.CommandLineUtils": {
        "type": "Direct",
        "requested": "[5.0.1, )",
        "resolved": "5.0.1",
        "contentHash": "dXerCHdnTrlpoQjdpxBISv9OIqqziJph1bKOTK95nPG0m7yDyMyVmQDcE1Z10ZZlQeaod1C8zewOW+MQOgPWhw=="
      },
      "Unfucked": {
        "type": "Direct",
        "requested": "[0.0.1-beta.32, )",
        "resolved": "0.0.1-beta.32",
        "contentHash": "9y5QAqoQPbPsIa+8saPATJLzhKs4q4bxq+71nkNIHrCQxD1CkEP7tJ7e+Xpo2/zAlvo+4l+Un61KZv7PihBKPQ=="
      }
    },
    "net10.0/win-x64": {}
  }
}